{
    "_readme": [
        "This file locks the dependencies of your project to a known state",
        "Read more about it at https://getcomposer.org/doc/01-basic-usage.md#installing-dependencies",
        "This file is @generated automatically"
    ],
    "content-hash": "035fff9634f90d42cd52c5ad034f8c54",
    "packages": [
        {
            "name": "aura/router",
            "version": "3.x-dev",
            "source": {
                "type": "git",
                "url": "https://github.com/auraphp/Aura.Router.git",
                "reference": "9167a38a8a9e9ec96667d939e3eaa4b2e7bd5333"
            },
            "dist": {
                "type": "zip",
                "url": "https://api.github.com/repos/auraphp/Aura.Router/zipball/9167a38a8a9e9ec96667d939e3eaa4b2e7bd5333",
                "reference": "9167a38a8a9e9ec96667d939e3eaa4b2e7bd5333",
                "shasum": ""
            },
            "require": {
                "php": ">=5.5.0",
                "psr/http-message": "~1.0",
                "psr/log": "~1.0"
            },
            "require-dev": {
                "phpunit/phpunit": "~5.7 || ~4.8",
                "zendframework/zend-diactoros": "~1.0"
            },
            "type": "library",
            "autoload": {
                "psr-4": {
                    "Aura\\Router\\": "src/"
                }
            },
            "notification-url": "https://packagist.org/downloads/",
            "license": [
                "MIT"
            ],
            "authors": [
                {
                    "name": "Aura.Router Contributors",
                    "homepage": "https://github.com/auraphp/Aura.Router/contributors"
                }
            ],
            "description": "Powerful, flexible web routing for PSR-7 requests.",
            "homepage": "https://github.com/auraphp/Aura.Router",
            "keywords": [
                "psr-7",
                "route",
                "router",
                "routing"
            ],
            "time": "2018-11-06T02:14:29+00:00"
        },
        {
            "name": "bdk/debug",
            "version": "dev-master",
            "dist": {
                "type": "path",
                "url": "/Users/bkent/Sites/dropbox/common/vendor/bdk/PHPDebugConsole",
                "reference": "b35c9b8ecc0c832bdc65448dd58a0e4172a46abe"
            },
            "require": {
                "php": ">=5.4.0"
            },
            "replace": {
                "bdk/backtrace": "1.0.1",
                "bdk/errorhandler": "3.0.1",
                "bdk/pubsub": "2.3.2"
            },
            "require-dev": {
                "bdk/css-xpath": "^1.0",
                "bdk/wamp-publisher": "^1.0",
                "doctrine/dbal": "^2.5.0",
                "guzzlehttp/psr7": "^1.6",
                "jdorn/sql-formatter": "^1.2",
                "monolog/monolog": "^1.0",
                "php-curl-class/php-curl-class": "^8.6",
                "psr/log": "^1.0",
                "psr/simple-cache": "^1.0",
                "slim/slim": "^2.0",
                "squizlabs/php_codesniffer": "3.5.5",
                "swiftmailer/swiftmailer": "^5.0",
                "twig/twig": "^1.0"
            },
            "suggest": {
                "bdk/debug-wamp-client": "Client to display logging published via PHPDebugConsole's WAMP plugin",
                "bdk/wamp-publisher": "Publish messages to a WAMP (Web Application Messaging Protocol) router",
                "jdorn/sql-formatter": "A PHP class for formatting and highlighting SQL statements",
                "psr/log": "PSR-3 : Common interface for logging libraries"
            },
            "type": "library",
            "autoload": {
                "classmap": [
                    "src/Backtrace/Backtrace.php",
                    "src/Debug/Debug.php",
                    "src/Debug/Utility/Utility.php",
                    "src/ErrorHandler/ErrorHandler.php"
                ],
                "psr-4": {
                    "bdk\\Debug\\": "src/Debug/",
                    "bdk\\ErrorHandler\\": "src/ErrorHandler/",
                    "bdk\\PubSub\\": "src/PubSub/"
                }
            },
            "autoload-dev": {
                "classmap": [
                    "tests"
                ]
            },
            "scripts": {
                "post-update-cmd": [
                    "bdk\\Debug\\ComposerScripts::postUpdate"
                ],
                "update-phpcs": [
                    "bdk\\Debug\\ComposerScripts::updatePhpCsXml"
                ]
            },
            "license": [
                "MIT"
            ],
            "authors": [
                {
                    "name": "Brad Kent",
                    "email": "bkfake-github@yahoo.com",
                    "homepage": "http://www.bradkent.com/",
                    "role": "Developer"
                }
            ],
            "description": "Browser/javascript like console class for PHP",
            "homepage": "http://github.com/bkdotcom/PHPDebugConsole",
            "keywords": [
                "PSR-3",
                "chromelogger",
                "debug",
                "debugging",
                "errorhandler",
                "firephp",
                "inspect",
                "logger",
                "php-debugbar",
                "phpdebugconsole",
                "var_dump",
                "whoops"
            ]
        },
        {
            "name": "bdk/form",
            "version": "dev-master",
            "dist": {
                "type": "path",
                "url": "/Users/bkent/Sites/dropbox/common/vendor/bdk/Form",
                "reference": "a495eccfe9c0e2316d0e81a80dfbc70489c48313"
            },
            "require": {
                "bdk/toolbox": "dev-master",
                "php": ">=5.3.0"
            },
            "require-dev": {
                "bdk/css-xpath": "^1.0"
            },
            "type": "library",
            "autoload": {
                "classmap": [
                    "src/Form.php"
                ],
                "psr-4": {
                    "bdk\\Form\\": "src/"
                }
            },
            "license": [
                "MIT"
            ],
            "authors": [
                {
                    "name": "Brad Kent",
                    "email": "bkfake-packagist@yahoo.com",
                    "homepage": "http://www.bradkent.com/",
                    "role": "Developer"
                }
            ],
            "description": "Form framework",
            "homepage": "http://github.com/bkdotcom/Form",
            "keywords": [
                "css"
            ]
        },
        {
            "name": "bdk/simplecache",
            "version": "dev-master",
            "dist": {
                "type": "path",
                "url": "/Users/bkent/Sites/dropbox/common/vendor/bdk/SimpleCache",
                "reference": "add7161933c4e610831db170376feb88ffa57cc5"
            },
            "require": {
                "php": "^5.3|^7.0",
                "psr/cache": "~1.0",
                "psr/simple-cache": "~1.0"
            },
            "provide": {
                "psr/cache-implementation": "~1.0",
                "psr/simple-cache-implementation": "~1.0"
            },
            "require-dev": {
                "friendsofphp/php-cs-fixer": "~2.0",
                "phpunit/phpunit": "~4.8|~5.0|~6.0"
            },
            "suggest": {
                "ext-apc": ">=3.1.1",
                "ext-couchbase": ">=2.0.0",
                "ext-memcached": ">=2.0.0",
                "ext-pdo": ">=0.1.0",
                "ext-redis": ">=2.2.0 || 0.0.0.0",
                "league/flysystem": "~1.0"
            },
            "type": "library",
            "autoload": {
                "psr-4": {
                    "bdk\\SimpleCache\\": "src/"
                }
            },
            "autoload-dev": {
                "psr-4": {
                    "bdk\\SimpleCache\\Tests\\": "tests/"
                }
            },
            "license": [
                "MIT"
            ],
            "authors": [
                {
                    "name": "Matthias Mullie",
                    "homepage": "https://www.mullie.eu",
                    "email": "scrapbook@mullie.eu",
                    "role": "Developer of scrapbook"
                },
                {
                    "name": "Brad Kent",
                    "homepage": "http://www.bradkent.com/",
                    "email": "bkfake-packagist@yahoo.com",
                    "role": "Developer"
                }
            ],
            "description": "SimpleCache implementation with adapters for APC(u), Couchbase, Filesystem, FlySystem, Memcached, Redis, and SQL   Stampede protection) built in",
            "homepage": "http://github.com/bkdotcom/SimpleCache",
            "keywords": [
                "apc",
                "cache",
                "caching",
                "couchbase",
                "filesystem",
                "flysystem",
                "key",
                "memcached",
                "mysql",
                "postgresql",
                "protection",
                "psr-16",
                "psr-6",
                "psr-cache",
                "psr-simple-cache",
                "redis",
                "sql",
                "sqlite",
                "stampede",
                "store",
                "value"
            ]
        },
        {
            "name": "bdk/tinyframe",
            "version": "dev-master",
            "dist": {
                "type": "path",
                "url": "/Users/bkent/Sites/dropbox/common/vendor/bdk/TinyFrame",
                "reference": "9783bfa7f1b0adcd9688804dded8d91a5ae4efd2"
            },
            "require": {
                "aura/router": "~3.0",
                "bdk/form": "dev-master",
                "bdk/simplecache": "dev-master",
                "bdk/toolbox": "dev-master",
                "guzzlehttp/psr7": "^1.6.1",
                "php": ">=5.4.0",
                "pimple/pimple": "~3.0"
            },
            "type": "library",
            "autoload": {
                "classmap": [
                    "src/TinyFrame.php"
                ],
                "psr-4": {
                    "bdk\\TinyFrame\\": "src/"
                }
            },
            "license": [
                "MIT"
            ],
            "authors": [
                {
                    "name": "Brad Kent",
                    "email": "bkfake-github@yahoo.com",
                    "homepage": "http://www.bradkent.com/",
                    "role": "Developer"
                }
            ],
            "description": "Tiny Framework",
            "homepage": "http://github.com/bkdotcom/TinyFrame",
            "keywords": [
                "framework"
            ]
        },
        {
            "name": "bdk/toolbox",
            "version": "dev-master",
            "dist": {
                "type": "path",
                "url": "/Users/bkent/Sites/dropbox/common/vendor/bdk/Toolbox",
                "reference": "218be15121b2320d17c6eec8b8a8437c00936be6"
            },
            "require": {
                "bdk/debug": "dev-master",
                "php": ">=5.3.0"
            },
            "type": "library",
            "autoload": {
                "psr-4": {
                    "bdk\\": "src/"
                }
            },
            "license": [
                "MIT"
            ],
            "authors": [
                {
                    "name": "Brad Kent",
                    "email": "bkfake-packagist@yahoo.com",
                    "homepage": "http://www.bradkent.com/",
                    "role": "Developer"
                }
            ],
            "description": "Common HTML, array, & string tools",
            "homepage": "http://github.com/bkdotcom/Toolbox"
        },
        {
            "name": "bdk/wamp-publisher",
            "version": "dev-master",
            "dist": {
                "type": "path",
                "url": "/Users/bkent/Sites/dropbox/common/vendor/bdk/WampPublisher",
                "reference": "0c6756a3072c7626165f977378605ee5144aea95"
            },
            "require": {
                "textalk/websocket": "^1.2"
            },
            "type": "library",
            "autoload": {
                "classmap": [
                    "WampPublisher.php"
                ]
            },
            "license": [
                "MIT"
            ],
            "authors": [
                {
                    "name": "Brad Kent",
                    "email": "bkfake-github@yahoo.com",
                    "homepage": "http://www.bradkent.com/",
                    "role": "Developer"
                }
            ],
            "description": "WAMP (Web Application Messaging Protocol) client to publish messages to router",
            "homepage": "http://github.com/bkdotcom/WampPublisher",
            "keywords": [
                "wamp",
                "wampws"
            ]
        },
        {
            "name": "guzzlehttp/psr7",
            "version": "1.x-dev",
            "source": {
                "type": "git",
                "url": "https://github.com/guzzle/psr7.git",
                "reference": "188cc82398f157483976ccf61bd04ee80afcf29c"
            },
            "dist": {
                "type": "zip",
                "url": "https://api.github.com/repos/guzzle/psr7/zipball/188cc82398f157483976ccf61bd04ee80afcf29c",
                "reference": "188cc82398f157483976ccf61bd04ee80afcf29c",
                "shasum": ""
            },
            "require": {
                "php": ">=5.4.0",
                "psr/http-message": "~1.0",
                "ralouphie/getallheaders": "^2.0.5 || ^3.0.0"
            },
            "provide": {
                "psr/http-message-implementation": "1.0"
            },
            "require-dev": {
                "ext-zlib": "*",
                "phpunit/phpunit": "~4.8.36 || ^5.7.27 || ^6.5.8"
            },
            "suggest": {
                "laminas/laminas-httphandlerrunner": "Emit PSR-7 responses"
            },
            "type": "library",
            "extra": {
                "branch-alias": {
                    "dev-master": "1.6-dev"
                }
            },
            "autoload": {
                "psr-4": {
                    "GuzzleHttp\\Psr7\\": "src/"
                },
                "files": [
                    "src/functions_include.php"
                ]
            },
            "notification-url": "https://packagist.org/downloads/",
            "license": [
                "MIT"
            ],
            "authors": [
                {
                    "name": "Michael Dowling",
                    "email": "mtdowling@gmail.com",
                    "homepage": "https://github.com/mtdowling"
                },
                {
                    "name": "Tobias Schultze",
                    "homepage": "https://github.com/Tobion"
                }
            ],
            "description": "PSR-7 message implementation that also provides common utility methods",
            "keywords": [
                "http",
                "message",
                "psr-7",
                "request",
                "response",
                "stream",
                "uri",
                "url"
            ],
            "time": "2020-05-17T20:05:25+00:00"
        },
        {
            "name": "lesstif/php-jira-rest-client",
            "version": "1.45.0",
            "source": {
                "type": "git",
                "url": "https://github.com/lesstif/php-jira-rest-client.git",
                "reference": "3d77dd8e4ada5aa5f8ceb018845ca3ad3797ea82"
            },
            "dist": {
                "type": "zip",
                "url": "https://api.github.com/repos/lesstif/php-jira-rest-client/zipball/3d77dd8e4ada5aa5f8ceb018845ca3ad3797ea82",
                "reference": "3d77dd8e4ada5aa5f8ceb018845ca3ad3797ea82",
                "shasum": ""
            },
            "require": {
                "ext-curl": "*",
                "ext-json": "*",
                "monolog/monolog": "~1.12|^2.0",
                "netresearch/jsonmapper": "~0.11|^1.0",
                "php": ">=5.6.9",
                "vlucas/phpdotenv": "~1.0|~2.0|^3.0"
            },
            "require-dev": {
                "mockery/mockery": "^0.9.4",
                "phpunit/phpunit": ">=5.7 <6",
                "symfony/var-dumper": "~2.8|~3.0"
            },
            "type": "library",
            "extra": {
                "laravel": {
                    "providers": [
                        "JiraRestApi\\JiraRestApiServiceProvider"
                    ]
                }
            },
            "autoload": {
                "psr-4": {
                    "JiraRestApi\\": "src"
                }
            },
            "notification-url": "https://packagist.org/downloads/",
            "license": [
                "Apache-2.0"
            ],
            "authors": [
                {
                    "name": "KwangSeob Jeong",
                    "email": "lesstif@gmail.com",
                    "homepage": "https://lesstif.com/"
                }
            ],
            "description": "JIRA REST API Client for PHP Users.",
            "keywords": [
                "jira",
                "jira-php",
                "jira-rest",
                "rest"
            ],
            "time": "2020-02-27T10:47:12+00:00"
        },
        {
            "name": "monolog/monolog",
            "version": "dev-master",
            "source": {
                "type": "git",
                "url": "https://github.com/Seldaek/monolog.git",
                "reference": "bbe10b1e28aedde9a28bf7b7cedea622ddddc3ba"
            },
            "dist": {
                "type": "zip",
                "url": "https://api.github.com/repos/Seldaek/monolog/zipball/bbe10b1e28aedde9a28bf7b7cedea622ddddc3ba",
                "reference": "bbe10b1e28aedde9a28bf7b7cedea622ddddc3ba",
                "shasum": ""
            },
            "require": {
                "php": ">=7.2",
                "psr/log": "^1.0.1"
            },
            "provide": {
                "psr/log-implementation": "1.0.0"
            },
            "require-dev": {
                "aws/aws-sdk-php": "^2.4.9 || ^3.0",
                "doctrine/couchdb": "~1.0@dev",
                "elasticsearch/elasticsearch": "^6.0",
                "graylog2/gelf-php": "^1.4.2",
                "php-amqplib/php-amqplib": "~2.4",
                "php-console/php-console": "^3.1.3",
                "php-parallel-lint/php-parallel-lint": "^1.0",
                "phpspec/prophecy": "^1.6.1",
                "phpunit/phpunit": "^8.5",
                "predis/predis": "^1.1",
                "rollbar/rollbar": "^1.3",
                "ruflin/elastica": ">=0.90 <3.0",
                "swiftmailer/swiftmailer": "^5.3|^6.0"
            },
            "suggest": {
                "aws/aws-sdk-php": "Allow sending log messages to AWS services like DynamoDB",
                "doctrine/couchdb": "Allow sending log messages to a CouchDB server",
                "elasticsearch/elasticsearch": "Allow sending log messages to an Elasticsearch server via official client",
                "ext-amqp": "Allow sending log messages to an AMQP server (1.0+ required)",
                "ext-mbstring": "Allow to work properly with unicode symbols",
                "ext-mongodb": "Allow sending log messages to a MongoDB server (via driver)",
                "graylog2/gelf-php": "Allow sending log messages to a GrayLog2 server",
                "mongodb/mongodb": "Allow sending log messages to a MongoDB server (via library)",
                "php-amqplib/php-amqplib": "Allow sending log messages to an AMQP server using php-amqplib",
                "php-console/php-console": "Allow sending log messages to Google Chrome",
                "rollbar/rollbar": "Allow sending log messages to Rollbar",
                "ruflin/elastica": "Allow sending log messages to an Elastic Search server"
            },
            "type": "library",
            "extra": {
                "branch-alias": {
                    "dev-master": "2.x-dev"
                }
            },
            "autoload": {
                "psr-4": {
                    "Monolog\\": "src/Monolog"
                }
            },
            "notification-url": "https://packagist.org/downloads/",
            "license": [
                "MIT"
            ],
            "authors": [
                {
                    "name": "Jordi Boggiano",
                    "email": "j.boggiano@seld.be",
                    "homepage": "http://seld.be"
                }
            ],
            "description": "Sends your logs to files, sockets, inboxes, databases and various web services",
            "homepage": "http://github.com/Seldaek/monolog",
            "keywords": [
                "log",
                "logging",
                "psr-3"
            ],
            "funding": [
                {
                    "url": "https://github.com/Seldaek",
                    "type": "github"
                },
                {
                    "url": "https://tidelift.com/funding/github/packagist/monolog/monolog",
                    "type": "tidelift"
                }
            ],
            "time": "2020-08-23T11:42:45+00:00"
        },
        {
            "name": "netresearch/jsonmapper",
            "version": "v1.6.0",
            "source": {
                "type": "git",
                "url": "https://github.com/cweiske/jsonmapper.git",
                "reference": "0d4d1b48d682a93b6bfedf60b88c7750e9cb0b06"
            },
            "dist": {
                "type": "zip",
                "url": "https://api.github.com/repos/cweiske/jsonmapper/zipball/0d4d1b48d682a93b6bfedf60b88c7750e9cb0b06",
                "reference": "0d4d1b48d682a93b6bfedf60b88c7750e9cb0b06",
                "shasum": ""
            },
            "require": {
                "ext-json": "*",
                "ext-pcre": "*",
                "ext-reflection": "*",
                "ext-spl": "*",
                "php": ">=5.6"
            },
            "require-dev": {
                "phpunit/phpunit": "~4.8.35 || ~5.7 || ~6.4",
                "squizlabs/php_codesniffer": "~1.5"
            },
            "type": "library",
            "autoload": {
                "psr-0": {
                    "JsonMapper": "src/"
                }
            },
            "notification-url": "https://packagist.org/downloads/",
            "license": [
                "OSL-3.0"
            ],
            "authors": [
                {
                    "name": "Christian Weiske",
                    "email": "cweiske@cweiske.de",
                    "homepage": "http://github.com/cweiske/jsonmapper/",
                    "role": "Developer"
                }
            ],
            "description": "Map nested JSON structures onto PHP classes",
            "time": "2019-08-15T19:41:25+00:00"
        },
        {
            "name": "phpoption/phpoption",
            "version": "dev-master",
            "source": {
                "type": "git",
                "url": "https://github.com/schmittjoh/php-option.git",
                "reference": "994ecccd8f3283ecf5ac33254543eb0ac946d525"
            },
            "dist": {
                "type": "zip",
                "url": "https://api.github.com/repos/schmittjoh/php-option/zipball/994ecccd8f3283ecf5ac33254543eb0ac946d525",
                "reference": "994ecccd8f3283ecf5ac33254543eb0ac946d525",
                "shasum": ""
            },
            "require": {
                "php": "^5.5.9 || ^7.0 || ^8.0"
            },
            "require-dev": {
                "bamarni/composer-bin-plugin": "^1.4.1",
                "phpunit/phpunit": "^4.8.35 || ^5.7.27 || ^6.5.6 || ^7.0 || ^8.0 || ^9.0"
            },
            "type": "library",
            "extra": {
                "branch-alias": {
                    "dev-master": "1.7-dev"
                }
            },
            "autoload": {
                "psr-4": {
                    "PhpOption\\": "src/PhpOption/"
                }
            },
            "notification-url": "https://packagist.org/downloads/",
            "license": [
                "Apache-2.0"
            ],
            "authors": [
                {
                    "name": "Johannes M. Schmitt",
                    "email": "schmittjoh@gmail.com"
                },
                {
                    "name": "Graham Campbell",
                    "email": "graham@alt-three.com"
                }
            ],
            "description": "Option Type for PHP",
            "keywords": [
                "language",
                "option",
                "php",
                "type"
            ],
            "funding": [
                {
                    "url": "https://github.com/GrahamCampbell",
                    "type": "github"
                },
                {
                    "url": "https://tidelift.com/funding/github/packagist/phpoption/phpoption",
                    "type": "tidelift"
                }
            ],
            "time": "2020-07-20T17:29:33+00:00"
        },
        {
            "name": "pimple/pimple",
            "version": "dev-master",
            "source": {
                "type": "git",
                "url": "https://github.com/silexphp/Pimple.git",
                "reference": "855b0196f58541b312d947205b628aab1296603b"
            },
            "dist": {
                "type": "zip",
                "url": "https://api.github.com/repos/silexphp/Pimple/zipball/855b0196f58541b312d947205b628aab1296603b",
                "reference": "855b0196f58541b312d947205b628aab1296603b",
                "shasum": ""
            },
            "require": {
                "php": "^7.2.5",
                "psr/container": "^1.0"
            },
            "require-dev": {
                "symfony/phpunit-bridge": "^5.0"
            },
            "type": "library",
            "extra": {
                "branch-alias": {
                    "dev-master": "3.3.x-dev"
                }
            },
            "autoload": {
                "psr-0": {
                    "Pimple": "src/"
                }
            },
            "notification-url": "https://packagist.org/downloads/",
            "license": [
                "MIT"
            ],
            "authors": [
                {
                    "name": "Fabien Potencier",
                    "email": "fabien@symfony.com"
                }
            ],
            "description": "Pimple, a simple Dependency Injection Container",
            "homepage": "https://pimple.symfony.com",
            "keywords": [
                "container",
                "dependency injection"
            ],
            "time": "2020-04-24T08:19:17+00:00"
        },
        {
            "name": "psr/cache",
            "version": "dev-master",
            "source": {
                "type": "git",
                "url": "https://github.com/php-fig/cache.git",
                "reference": "b9aa2cd4dd36cec02779bee07ee9dab8bd2d07d7"
            },
            "dist": {
                "type": "zip",
                "url": "https://api.github.com/repos/php-fig/cache/zipball/b9aa2cd4dd36cec02779bee07ee9dab8bd2d07d7",
                "reference": "b9aa2cd4dd36cec02779bee07ee9dab8bd2d07d7",
                "shasum": ""
            },
            "require": {
                "php": ">=5.3.0"
            },
            "type": "library",
            "extra": {
                "branch-alias": {
                    "dev-master": "1.0.x-dev"
                }
            },
            "autoload": {
                "psr-4": {
                    "Psr\\Cache\\": "src/"
                }
            },
            "notification-url": "https://packagist.org/downloads/",
            "license": [
                "MIT"
            ],
            "authors": [
                {
                    "name": "PHP-FIG",
                    "homepage": "http://www.php-fig.org/"
                }
            ],
            "description": "Common interface for caching libraries",
            "keywords": [
                "cache",
                "psr",
                "psr-6"
            ],
            "time": "2019-10-04T14:04:41+00:00"
        },
        {
            "name": "psr/container",
            "version": "dev-master",
            "source": {
                "type": "git",
                "url": "https://github.com/php-fig/container.git",
                "reference": "fc1bc363ecf887921e3897c7b1dad3587ae154eb"
            },
            "dist": {
                "type": "zip",
                "url": "https://api.github.com/repos/php-fig/container/zipball/fc1bc363ecf887921e3897c7b1dad3587ae154eb",
                "reference": "fc1bc363ecf887921e3897c7b1dad3587ae154eb",
                "shasum": ""
            },
            "require": {
                "php": ">=5.3.0"
            },
            "type": "library",
            "extra": {
                "branch-alias": {
                    "dev-master": "1.0.x-dev"
                }
            },
            "autoload": {
                "psr-4": {
                    "Psr\\Container\\": "src/"
                }
            },
            "notification-url": "https://packagist.org/downloads/",
            "license": [
                "MIT"
            ],
            "authors": [
                {
                    "name": "PHP-FIG",
                    "homepage": "http://www.php-fig.org/"
                }
            ],
            "description": "Common Container Interface (PHP FIG PSR-11)",
            "homepage": "https://github.com/php-fig/container",
            "keywords": [
                "PSR-11",
                "container",
                "container-interface",
                "container-interop",
                "psr"
            ],
            "time": "2019-10-04T14:07:35+00:00"
        },
        {
            "name": "psr/http-message",
            "version": "dev-master",
            "source": {
                "type": "git",
                "url": "https://github.com/php-fig/http-message.git",
                "reference": "efd67d1dc14a7ef4fc4e518e7dee91c271d524e4"
            },
            "dist": {
                "type": "zip",
                "url": "https://api.github.com/repos/php-fig/http-message/zipball/efd67d1dc14a7ef4fc4e518e7dee91c271d524e4",
                "reference": "efd67d1dc14a7ef4fc4e518e7dee91c271d524e4",
                "shasum": ""
            },
            "require": {
                "php": ">=5.3.0"
            },
            "type": "library",
            "extra": {
                "branch-alias": {
                    "dev-master": "1.0.x-dev"
                }
            },
            "autoload": {
                "psr-4": {
                    "Psr\\Http\\Message\\": "src/"
                }
            },
            "notification-url": "https://packagist.org/downloads/",
            "license": [
                "MIT"
            ],
            "authors": [
                {
                    "name": "PHP-FIG",
                    "homepage": "http://www.php-fig.org/"
                }
            ],
            "description": "Common interface for HTTP messages",
            "homepage": "https://github.com/php-fig/http-message",
            "keywords": [
                "http",
                "http-message",
                "psr",
                "psr-7",
                "request",
                "response"
            ],
            "time": "2019-08-29T13:16:46+00:00"
        },
        {
            "name": "psr/log",
            "version": "dev-master",
            "source": {
                "type": "git",
                "url": "https://github.com/php-fig/log.git",
                "reference": "0f73288fd15629204f9d42b7055f72dacbe811fc"
            },
            "dist": {
                "type": "zip",
                "url": "https://api.github.com/repos/php-fig/log/zipball/0f73288fd15629204f9d42b7055f72dacbe811fc",
                "reference": "0f73288fd15629204f9d42b7055f72dacbe811fc",
                "shasum": ""
            },
            "require": {
                "php": ">=5.3.0"
            },
            "type": "library",
            "extra": {
                "branch-alias": {
                    "dev-master": "1.1.x-dev"
                }
            },
            "autoload": {
                "psr-4": {
                    "Psr\\Log\\": "Psr/Log/"
                }
            },
            "notification-url": "https://packagist.org/downloads/",
            "license": [
                "MIT"
            ],
            "authors": [
                {
                    "name": "PHP-FIG",
                    "homepage": "http://www.php-fig.org/"
                }
            ],
            "description": "Common interface for logging libraries",
            "homepage": "https://github.com/php-fig/log",
            "keywords": [
                "log",
                "psr",
                "psr-3"
            ],
            "time": "2020-03-23T09:12:05+00:00"
        },
        {
            "name": "psr/simple-cache",
            "version": "dev-master",
            "source": {
                "type": "git",
                "url": "https://github.com/php-fig/simple-cache.git",
                "reference": "5a7b96b1dda5d957e01bc1bfe77dcca09c5a7474"
            },
            "dist": {
                "type": "zip",
                "url": "https://api.github.com/repos/php-fig/simple-cache/zipball/5a7b96b1dda5d957e01bc1bfe77dcca09c5a7474",
                "reference": "5a7b96b1dda5d957e01bc1bfe77dcca09c5a7474",
                "shasum": ""
            },
            "require": {
                "php": ">=5.3.0"
            },
            "type": "library",
            "extra": {
                "branch-alias": {
                    "dev-master": "1.0.x-dev"
                }
            },
            "autoload": {
                "psr-4": {
                    "Psr\\SimpleCache\\": "src/"
                }
            },
            "notification-url": "https://packagist.org/downloads/",
            "license": [
                "MIT"
            ],
            "authors": [
                {
                    "name": "PHP-FIG",
                    "homepage": "http://www.php-fig.org/"
                }
            ],
            "description": "Common interfaces for simple caching",
            "keywords": [
                "cache",
                "caching",
                "psr",
                "psr-16",
                "simple-cache"
            ],
            "time": "2020-04-21T06:43:17+00:00"
        },
        {
            "name": "ralouphie/getallheaders",
            "version": "3.0.3",
            "source": {
                "type": "git",
                "url": "https://github.com/ralouphie/getallheaders.git",
                "reference": "120b605dfeb996808c31b6477290a714d356e822"
            },
            "dist": {
                "type": "zip",
                "url": "https://api.github.com/repos/ralouphie/getallheaders/zipball/120b605dfeb996808c31b6477290a714d356e822",
                "reference": "120b605dfeb996808c31b6477290a714d356e822",
                "shasum": ""
            },
            "require": {
                "php": ">=5.6"
            },
            "require-dev": {
                "php-coveralls/php-coveralls": "^2.1",
                "phpunit/phpunit": "^5 || ^6.5"
            },
            "type": "library",
            "autoload": {
                "files": [
                    "src/getallheaders.php"
                ]
            },
            "notification-url": "https://packagist.org/downloads/",
            "license": [
                "MIT"
            ],
            "authors": [
                {
                    "name": "Ralph Khattar",
                    "email": "ralph.khattar@gmail.com"
                }
            ],
            "description": "A polyfill for getallheaders.",
            "time": "2019-03-08T08:55:37+00:00"
        },
        {
            "name": "symfony/polyfill-ctype",
            "version": "dev-master",
            "source": {
                "type": "git",
                "url": "https://github.com/symfony/polyfill-ctype.git",
                "reference": "1c302646f6efc070cd46856e600e5e0684d6b454"
            },
            "dist": {
                "type": "zip",
                "url": "https://api.github.com/repos/symfony/polyfill-ctype/zipball/1c302646f6efc070cd46856e600e5e0684d6b454",
                "reference": "1c302646f6efc070cd46856e600e5e0684d6b454",
                "shasum": ""
            },
            "require": {
                "php": ">=5.3.3"
            },
            "suggest": {
                "ext-ctype": "For best performance"
            },
            "type": "library",
            "extra": {
                "branch-alias": {
                    "dev-master": "1.18-dev"
                },
                "thanks": {
                    "name": "symfony/polyfill",
                    "url": "https://github.com/symfony/polyfill"
                }
            },
            "autoload": {
                "psr-4": {
                    "Symfony\\Polyfill\\Ctype\\": ""
                },
                "files": [
                    "bootstrap.php"
                ]
            },
            "notification-url": "https://packagist.org/downloads/",
            "license": [
                "MIT"
            ],
            "authors": [
                {
                    "name": "Gert de Pagter",
                    "email": "BackEndTea@gmail.com"
                },
                {
                    "name": "Symfony Community",
                    "homepage": "https://symfony.com/contributors"
                }
            ],
            "description": "Symfony polyfill for ctype functions",
            "homepage": "https://symfony.com",
            "keywords": [
                "compatibility",
                "ctype",
                "polyfill",
                "portable"
            ],
            "funding": [
                {
                    "url": "https://symfony.com/sponsor",
                    "type": "custom"
                },
                {
                    "url": "https://github.com/fabpot",
                    "type": "github"
                },
                {
                    "url": "https://tidelift.com/funding/github/packagist/symfony/symfony",
                    "type": "tidelift"
                }
            ],
            "time": "2020-07-14T12:35:20+00:00"
        },
        {
            "name": "textalk/websocket",
            "version": "1.4.0",
            "source": {
                "type": "git",
                "url": "https://github.com/Textalk/websocket-php.git",
                "reference": "ab022415da9e090ae12cd2d027ed1fe31f258c42"
            },
            "dist": {
                "type": "zip",
                "url": "https://api.github.com/repos/Textalk/websocket-php/zipball/ab022415da9e090ae12cd2d027ed1fe31f258c42",
                "reference": "ab022415da9e090ae12cd2d027ed1fe31f258c42",
                "shasum": ""
            },
            "require": {
                "php": "^7.1",
                "psr/log": "^1.0"
            },
            "require-dev": {
                "php-coveralls/php-coveralls": "^2.0",
                "phpunit/phpunit": "^7.0|^8.0|^9.0",
                "squizlabs/php_codesniffer": "^3.5"
            },
            "type": "library",
            "autoload": {
                "psr-4": {
                    "WebSocket\\": "lib"
                }
            },
            "notification-url": "https://packagist.org/downloads/",
            "license": [
                "ISC"
            ],
            "authors": [
                {
                    "name": "Fredrik Liljegren"
                },
                {
                    "name": "Sören Jensen",
                    "email": "soren@abicart.se"
                }
            ],
            "description": "WebSocket client and server",
            "time": "2020-08-14T13:20:07+00:00"
        },
        {
            "name": "vlucas/phpdotenv",
            "version": "3.6.x-dev",
            "source": {
                "type": "git",
                "url": "https://github.com/vlucas/phpdotenv.git",
                "reference": "2065beda6cbe75e2603686907b2e45f6f3a5ad82"
            },
            "dist": {
                "type": "zip",
                "url": "https://api.github.com/repos/vlucas/phpdotenv/zipball/2065beda6cbe75e2603686907b2e45f6f3a5ad82",
                "reference": "2065beda6cbe75e2603686907b2e45f6f3a5ad82",
                "shasum": ""
            },
            "require": {
                "php": "^5.4 || ^7.0 || ^8.0",
                "phpoption/phpoption": "^1.5.2",
                "symfony/polyfill-ctype": "^1.17"
            },
            "require-dev": {
                "ext-filter": "*",
                "ext-pcre": "*",
                "phpunit/phpunit": "^4.8.35 || ^5.7.27 || ^6.5.6 || ^7.0"
            },
            "suggest": {
                "ext-filter": "Required to use the boolean validator.",
                "ext-pcre": "Required to use most of the library."
            },
            "type": "library",
            "extra": {
                "branch-alias": {
                    "dev-master": "3.6-dev"
                }
            },
            "autoload": {
                "psr-4": {
                    "Dotenv\\": "src/"
                }
            },
            "notification-url": "https://packagist.org/downloads/",
            "license": [
                "BSD-3-Clause"
            ],
            "authors": [
                {
                    "name": "Graham Campbell",
                    "email": "graham@alt-three.com",
                    "homepage": "https://gjcampbell.co.uk/"
                },
                {
                    "name": "Vance Lucas",
                    "email": "vance@vancelucas.com",
                    "homepage": "https://vancelucas.com/"
                }
            ],
            "description": "Loads environment variables from `.env` to `getenv()`, `$_ENV` and `$_SERVER` automagically.",
            "keywords": [
                "dotenv",
                "env",
                "environment"
            ],
            "funding": [
                {
                    "url": "https://github.com/GrahamCampbell",
                    "type": "github"
                },
                {
                    "url": "https://tidelift.com/funding/github/packagist/vlucas/phpdotenv",
                    "type": "tidelift"
                }
            ],
            "time": "2020-07-14T19:04:52+00:00"
        }
    ],
    "packages-dev": [],
    "aliases": [],
    "minimum-stability": "dev",
    "stability-flags": {
        "bdk/tinyframe": 20,
        "bdk/wamp-publisher": 20
    },
    "prefer-stable": false,
    "prefer-lowest": false,
    "platform": [],
    "platform-dev": [],
    "plugin-api-version": "1.1.0"
}
